
Microsoft Visual Studio Solution File, Format Version 12.00
# Visual Studio Version 17
VisualStudioVersion = 17.13.35931.197 d17.13
MinimumVisualStudioVersion = 10.0.40219.1
Project("{FAE04EC0-301F-11D3-BF4B-00C04F79EFBC}") = "Employee_Portal", "Employee_Portal\Employee_Portal.csproj", "{189607AF-6DBD-4E36-A27C-AED43B5F95CF}"
EndProject
Global
	GlobalSection(SolutionConfigurationPlatforms) = preSolution
		Debug|Any CPU = Debug|Any CPU
		Release|Any CPU = Release|Any CPU
	EndGlobalSection
	GlobalSection(ProjectConfigurationPlatforms) = postSolution
		{189607AF-6DBD-4E36-A27C-AED43B5F95CF}.Debug|Any CPU.ActiveCfg = Debug|Any CPU
		{189607AF-6DBD-4E36-A27C-AED43B5F95CF}.Debug|Any CPU.Build.0 = Debug|Any CPU
		{189607AF-6DBD-4E36-A27C-AED43B5F95CF}.Release|Any CPU.ActiveCfg = Release|Any CPU
		{189607AF-6DBD-4E36-A27C-AED43B5F95CF}.Release|Any CPU.Build.0 = Release|Any CPU
	EndGlobalSection
	GlobalSection(SolutionProperties) = preSolution
		HideSolutionNode = FALSE
	EndGlobalSection
	GlobalSection(ExtensibilityGlobals) = postSolution
		SolutionGuid = {57CDF7AD-9323-4420-9080-A85E48CF07CA}
	EndGlobalSection
EndGlobal
